
Microsoft Visual Studio Solution File, Format Version 12.00
# Visual Studio 15
VisualStudioVersion = 15.0.28307.1022
MinimumVisualStudioVersion = 10.0.40219.1
Project("{9A19103F-16F7-4668-BE54-9A1E7A4F7556}") = "ShowPets", "ShowCats\ShowPets.csproj", "{BE530D3C-6835-45C9-AFC1-7942CC283508}"
EndProject
Project("{FAE04EC0-301F-11D3-BF4B-00C04F79EFBC}") = "ShowPetsTest", "ShowPetsTest\ShowPetsTest.csproj", "{38F5CDF8-BA0C-42EA-9E5C-BE1CBE56E499}"
EndProject
Global
	GlobalSection(SolutionConfigurationPlatforms) = preSolution
		Debug|Any CPU = Debug|Any CPU
		Release|Any CPU = Release|Any CPU
	EndGlobalSection
	GlobalSection(ProjectConfigurationPlatforms) = postSolution
		{BE530D3C-6835-45C9-AFC1-7942CC283508}.Debug|Any CPU.ActiveCfg = Debug|Any CPU
		{BE530D3C-6835-45C9-AFC1-7942CC283508}.Debug|Any CPU.Build.0 = Debug|Any CPU
		{BE530D3C-6835-45C9-AFC1-7942CC283508}.Release|Any CPU.ActiveCfg = Release|Any CPU
		{BE530D3C-6835-45C9-AFC1-7942CC283508}.Release|Any CPU.Build.0 = Release|Any CPU
		{38F5CDF8-BA0C-42EA-9E5C-BE1CBE56E499}.Debug|Any CPU.ActiveCfg = Debug|Any CPU
		{38F5CDF8-BA0C-42EA-9E5C-BE1CBE56E499}.Debug|Any CPU.Build.0 = Debug|Any CPU
		{38F5CDF8-BA0C-42EA-9E5C-BE1CBE56E499}.Release|Any CPU.ActiveCfg = Release|Any CPU
		{38F5CDF8-BA0C-42EA-9E5C-BE1CBE56E499}.Release|Any CPU.Build.0 = Release|Any CPU
	EndGlobalSection
	GlobalSection(SolutionProperties) = preSolution
		HideSolutionNode = FALSE
	EndGlobalSection
	GlobalSection(ExtensibilityGlobals) = postSolution
		SolutionGuid = {2F139A36-7D31-4226-9E4D-4EA26134C93E}
	EndGlobalSection
EndGlobal
